// !$*UTF8*$!
{
	archiveVersion = 1;
	classes = {
	};
	objectVersion = 48;
	objects = {

/* Begin PBXBuildFile section */
		4CE90A652927416D3C6B5400 /* Pods_SproutTableUITests.framework in Frameworks */ = {isa = PBXBuildFile; fileRef = 0AD9235F9594490CC119BA1B /* Pods_SproutTableUITests.framework */; };
		51885E3ADA87C1BEF19272BE /* Pods_SproutTableTests.framework in Frameworks */ = {isa = PBXBuildFile; fileRef = BBD70F249CDE62582F4426A1 /* Pods_SproutTableTests.framework */; };
		C13FA8BD1FB3492900516527 /* AppDelegate.swift in Sources */ = {isa = PBXBuildFile; fileRef = C13FA8BC1FB3492900516527 /* AppDelegate.swift */; };
		C13FA8BF1FB3492900516527 /* ViewController.swift in Sources */ = {isa = PBXBuildFile; fileRef = C13FA8BE1FB3492900516527 /* ViewController.swift */; };
		C13FA8C21FB3492900516527 /* Main.storyboard in Resources */ = {isa = PBXBuildFile; fileRef = C13FA8C01FB3492900516527 /* Main.storyboard */; };
		C13FA8C41FB3492900516527 /* Assets.xcassets in Resources */ = {isa = PBXBuildFile; fileRef = C13FA8C31FB3492900516527 /* Assets.xcassets */; };
		C13FA8C71FB3492900516527 /* LaunchScreen.storyboard in Resources */ = {isa = PBXBuildFile; fileRef = C13FA8C51FB3492900516527 /* LaunchScreen.storyboard */; };
		C13FA8D21FB3492900516527 /* SproutTableTests.swift in Sources */ = {isa = PBXBuildFile; fileRef = C13FA8D11FB3492900516527 /* SproutTableTests.swift */; };
		C13FA8DD1FB3492900516527 /* SproutTableUITests.swift in Sources */ = {isa = PBXBuildFile; fileRef = C13FA8DC1FB3492900516527 /* SproutTableUITests.swift */; };
		C13FA8EB1FB352B600516527 /* Util.swift in Sources */ = {isa = PBXBuildFile; fileRef = C13FA8EA1FB352B600516527 /* Util.swift */; };
		EE760BD91F0B8AE8C5A26CF1 /* Pods_SproutTable.framework in Frameworks */ = {isa = PBXBuildFile; fileRef = 3BA62F759C102C5E896F6E5F /* Pods_SproutTable.framework */; };
/* End PBXBuildFile section */

/* Begin PBXContainerItemProxy section */
		C13FA8CE1FB3492900516527 /* PBXContainerItemProxy */ = {
			isa = PBXContainerItemProxy;
			containerPortal = C13FA8B11FB3492900516527 /* Project object */;
			proxyType = 1;
			remoteGlobalIDString = C13FA8B81FB3492900516527;
			remoteInfo = SproutTable;
		};
		C13FA8D91FB3492900516527 /* PBXContainerItemProxy */ = {
			isa = PBXContainerItemProxy;
			containerPortal = C13FA8B11FB3492900516527 /* Project object */;
			proxyType = 1;
			remoteGlobalIDString = C13FA8B81FB3492900516527;
			remoteInfo = SproutTable;
		};
/* End PBXContainerItemProxy section */

/* Begin PBXFileReference section */
		021C9CB0878D9E67559B850E /* Pods-SproutTableTests.release.xcconfig */ = {isa = PBXFileReference; includeInIndex = 1; lastKnownFileType = text.xcconfig; name = "Pods-SproutTableTests.release.xcconfig"; path = "Pods/Target Support Files/Pods-SproutTableTests/Pods-SproutTableTests.release.xcconfig"; sourceTree = "<group>"; };
		078BC4C4627993AC94EAF377 /* Pods-SproutTableUITests.debug.xcconfig */ = {isa = PBXFileReference; includeInIndex = 1; lastKnownFileType = text.xcconfig; name = "Pods-SproutTableUITests.debug.xcconfig"; path = "Pods/Target Support Files/Pods-SproutTableUITests/Pods-SproutTableUITests.debug.xcconfig"; sourceTree = "<group>"; };
		0AD9235F9594490CC119BA1B /* Pods_SproutTableUITests.framework */ = {isa = PBXFileReference; explicitFileType = wrapper.framework; includeInIndex = 0; path = Pods_SproutTableUITests.framework; sourceTree = BUILT_PRODUCTS_DIR; };
		2C92C0B6091C657CFFA566CD /* Pods-SproutTable.release.xcconfig */ = {isa = PBXFileReference; includeInIndex = 1; lastKnownFileType = text.xcconfig; name = "Pods-SproutTable.release.xcconfig"; path = "Pods/Target Support Files/Pods-SproutTable/Pods-SproutTable.release.xcconfig"; sourceTree = "<group>"; };
		3BA62F759C102C5E896F6E5F /* Pods_SproutTable.framework */ = {isa = PBXFileReference; explicitFileType = wrapper.framework; includeInIndex = 0; path = Pods_SproutTable.framework; sourceTree = BUILT_PRODUCTS_DIR; };
		54C1E759382F4368E977C97E /* Pods-SproutTableUITests.release.xcconfig */ = {isa = PBXFileReference; includeInIndex = 1; lastKnownFileType = text.xcconfig; name = "Pods-SproutTableUITests.release.xcconfig"; path = "Pods/Target Support Files/Pods-SproutTableUITests/Pods-SproutTableUITests.release.xcconfig"; sourceTree = "<group>"; };
		972E05D790592733690F8184 /* Pods-SproutTableTests.debug.xcconfig */ = {isa = PBXFileReference; includeInIndex = 1; lastKnownFileType = text.xcconfig; name = "Pods-SproutTableTests.debug.xcconfig"; path = "Pods/Target Support Files/Pods-SproutTableTests/Pods-SproutTableTests.debug.xcconfig"; sourceTree = "<group>"; };
		BBD70F249CDE62582F4426A1 /* Pods_SproutTableTests.framework */ = {isa = PBXFileReference; explicitFileType = wrapper.framework; includeInIndex = 0; path = Pods_SproutTableTests.framework; sourceTree = BUILT_PRODUCTS_DIR; };
		C10098F2C6877CAEF3FE29BD /* Pods-SproutTable.debug.xcconfig */ = {isa = PBXFileReference; includeInIndex = 1; lastKnownFileType = text.xcconfig; name = "Pods-SproutTable.debug.xcconfig"; path = "Pods/Target Support Files/Pods-SproutTable/Pods-SproutTable.debug.xcconfig"; sourceTree = "<group>"; };
		C13FA8B91FB3492900516527 /* SproutTable.app */ = {isa = PBXFileReference; explicitFileType = wrapper.application; includeInIndex = 0; path = SproutTable.app; sourceTree = BUILT_PRODUCTS_DIR; };
		C13FA8BC1FB3492900516527 /* AppDelegate.swift */ = {isa = PBXFileReference; lastKnownFileType = sourcecode.swift; path = AppDelegate.swift; sourceTree = "<group>"; };
		C13FA8BE1FB3492900516527 /* ViewController.swift */ = {isa = PBXFileReference; lastKnownFileType = sourcecode.swift; path = ViewController.swift; sourceTree = "<group>"; };
		C13FA8C11FB3492900516527 /* Base */ = {isa = PBXFileReference; lastKnownFileType = file.storyboard; name = Base; path = Base.lproj/Main.storyboard; sourceTree = "<group>"; };
		C13FA8C31FB3492900516527 /* Assets.xcassets */ = {isa = PBXFileReference; lastKnownFileType = folder.assetcatalog; path = Assets.xcassets; sourceTree = "<group>"; };
		C13FA8C61FB3492900516527 /* Base */ = {isa = PBXFileReference; lastKnownFileType = file.storyboard; name = Base; path = Base.lproj/LaunchScreen.storyboard; sourceTree = "<group>"; };
		C13FA8C81FB3492900516527 /* Info.plist */ = {isa = PBXFileReference; lastKnownFileType = text.plist.xml; path = Info.plist; sourceTree = "<group>"; };
		C13FA8CD1FB3492900516527 /* SproutTableTests.xctest */ = {isa = PBXFileReference; explicitFileType = wrapper.cfbundle; includeInIndex = 0; path = SproutTableTests.xctest; sourceTree = BUILT_PRODUCTS_DIR; };
		C13FA8D11FB3492900516527 /* SproutTableTests.swift */ = {isa = PBXFileReference; lastKnownFileType = sourcecode.swift; path = SproutTableTests.swift; sourceTree = "<group>"; };
		C13FA8D31FB3492900516527 /* Info.plist */ = {isa = PBXFileReference; lastKnownFileType = text.plist.xml; path = Info.plist; sourceTree = "<group>"; };
		C13FA8D81FB3492900516527 /* SproutTableUITests.xctest */ = {isa = PBXFileReference; explicitFileType = wrapper.cfbundle; includeInIndex = 0; path = SproutTableUITests.xctest; sourceTree = BUILT_PRODUCTS_DIR; };
		C13FA8DC1FB3492900516527 /* SproutTableUITests.swift */ = {isa = PBXFileReference; lastKnownFileType = sourcecode.swift; path = SproutTableUITests.swift; sourceTree = "<group>"; };
		C13FA8DE1FB3492900516527 /* Info.plist */ = {isa = PBXFileReference; lastKnownFileType = text.plist.xml; path = Info.plist; sourceTree = "<group>"; };
		C13FA8EA1FB352B600516527 /* Util.swift */ = {isa = PBXFileReference; lastKnownFileType = sourcecode.swift; path = Util.swift; sourceTree = "<group>"; };
/* End PBXFileReference section */

/* Begin PBXFrameworksBuildPhase section */
		C13FA8B61FB3492900516527 /* Frameworks */ = {
			isa = PBXFrameworksBuildPhase;
			buildActionMask = 2147483647;
			files = (
				EE760BD91F0B8AE8C5A26CF1 /* Pods_SproutTable.framework in Frameworks */,
			);
			runOnlyForDeploymentPostprocessing = 0;
		};
		C13FA8CA1FB3492900516527 /* Frameworks */ = {
			isa = PBXFrameworksBuildPhase;
			buildActionMask = 2147483647;
			files = (
				51885E3ADA87C1BEF19272BE /* Pods_SproutTableTests.framework in Frameworks */,
			);
			runOnlyForDeploymentPostprocessing = 0;
		};
		C13FA8D51FB3492900516527 /* Frameworks */ = {
			isa = PBXFrameworksBuildPhase;
			buildActionMask = 2147483647;
			files = (
				4CE90A652927416D3C6B5400 /* Pods_SproutTableUITests.framework in Frameworks */,
			);
			runOnlyForDeploymentPostprocessing = 0;
		};
/* End PBXFrameworksBuildPhase section */

/* Begin PBXGroup section */
		2CD6F4153C1B2A62FF73EE3A /* Frameworks */ = {
			isa = PBXGroup;
			children = (
				3BA62F759C102C5E896F6E5F /* Pods_SproutTable.framework */,
				BBD70F249CDE62582F4426A1 /* Pods_SproutTableTests.framework */,
				0AD9235F9594490CC119BA1B /* Pods_SproutTableUITests.framework */,
			);
			name = Frameworks;
			sourceTree = "<group>";
		};
		2F0E0E3FFFBE4B27F3BC6DF7 /* Pods */ = {
			isa = PBXGroup;
			children = (
				C10098F2C6877CAEF3FE29BD /* Pods-SproutTable.debug.xcconfig */,
				2C92C0B6091C657CFFA566CD /* Pods-SproutTable.release.xcconfig */,
				972E05D790592733690F8184 /* Pods-SproutTableTests.debug.xcconfig */,
				021C9CB0878D9E67559B850E /* Pods-SproutTableTests.release.xcconfig */,
				078BC4C4627993AC94EAF377 /* Pods-SproutTableUITests.debug.xcconfig */,
				54C1E759382F4368E977C97E /* Pods-SproutTableUITests.release.xcconfig */,
			);
			name = Pods;
			sourceTree = "<group>";
		};
		C13FA8B01FB3492900516527 = {
			isa = PBXGroup;
			children = (
				C13FA8BB1FB3492900516527 /* SproutTable */,
				C13FA8D01FB3492900516527 /* SproutTableTests */,
				C13FA8DB1FB3492900516527 /* SproutTableUITests */,
				C13FA8BA1FB3492900516527 /* Products */,
				2F0E0E3FFFBE4B27F3BC6DF7 /* Pods */,
				2CD6F4153C1B2A62FF73EE3A /* Frameworks */,
			);
			sourceTree = "<group>";
		};
		C13FA8BA1FB3492900516527 /* Products */ = {
			isa = PBXGroup;
			children = (
				C13FA8B91FB3492900516527 /* SproutTable.app */,
				C13FA8CD1FB3492900516527 /* SproutTableTests.xctest */,
				C13FA8D81FB3492900516527 /* SproutTableUITests.xctest */,
			);
			name = Products;
			sourceTree = "<group>";
		};
		C13FA8BB1FB3492900516527 /* SproutTable */ = {
			isa = PBXGroup;
			children = (
				C13FA8BC1FB3492900516527 /* AppDelegate.swift */,
				C13FA8BE1FB3492900516527 /* ViewController.swift */,
				C13FA8C01FB3492900516527 /* Main.storyboard */,
				C13FA8C31FB3492900516527 /* Assets.xcassets */,
				C13FA8C51FB3492900516527 /* LaunchScreen.storyboard */,
				C13FA8C81FB3492900516527 /* Info.plist */,
				C13FA8EA1FB352B600516527 /* Util.swift */,
			);
			path = SproutTable;
			sourceTree = "<group>";
		};
		C13FA8D01FB3492900516527 /* SproutTableTests */ = {
			isa = PBXGroup;
			children = (
				C13FA8D11FB3492900516527 /* SproutTableTests.swift */,
				C13FA8D31FB3492900516527 /* Info.plist */,
			);
			path = SproutTableTests;
			sourceTree = "<group>";
		};
		C13FA8DB1FB3492900516527 /* SproutTableUITests */ = {
			isa = PBXGroup;
			children = (
				C13FA8DC1FB3492900516527 /* SproutTableUITests.swift */,
				C13FA8DE1FB3492900516527 /* Info.plist */,
			);
			path = SproutTableUITests;
			sourceTree = "<group>";
		};
/* End PBXGroup section */

/* Begin PBXNativeTarget section */
		C13FA8B81FB3492900516527 /* SproutTable */ = {
			isa = PBXNativeTarget;
			buildConfigurationList = C13FA8E11FB3492900516527 /* Build configuration list for PBXNativeTarget "SproutTable" */;
			buildPhases = (
				96586ADB611AE34A65B03B3C /* [CP] Check Pods Manifest.lock */,
				C13FA8B51FB3492900516527 /* Sources */,
				C13FA8B61FB3492900516527 /* Frameworks */,
				C13FA8B71FB3492900516527 /* Resources */,
				3939911BDCFCF2E9CA151EEA /* [CP] Embed Pods Frameworks */,
				3EF02EA3569B60CBC05D09B9 /* [CP] Copy Pods Resources */,
			);
			buildRules = (
			);
			dependencies = (
			);
			name = SproutTable;
			productName = SproutTable;
			productReference = C13FA8B91FB3492900516527 /* SproutTable.app */;
			productType = "com.apple.product-type.application";
		};
		C13FA8CC1FB3492900516527 /* SproutTableTests */ = {
			isa = PBXNativeTarget;
			buildConfigurationList = C13FA8E41FB3492900516527 /* Build configuration list for PBXNativeTarget "SproutTableTests" */;
			buildPhases = (
				43429C5CDE643209893B6835 /* [CP] Check Pods Manifest.lock */,
				C13FA8C91FB3492900516527 /* Sources */,
				C13FA8CA1FB3492900516527 /* Frameworks */,
				C13FA8CB1FB3492900516527 /* Resources */,
				0BF46CC1E7A862713F5D004B /* [CP] Embed Pods Frameworks */,
				4E1A2077A4FD9DA5AC168B32 /* [CP] Copy Pods Resources */,
			);
			buildRules = (
			);
			dependencies = (
				C13FA8CF1FB3492900516527 /* PBXTargetDependency */,
			);
			name = SproutTableTests;
			productName = SproutTableTests;
			productReference = C13FA8CD1FB3492900516527 /* SproutTableTests.xctest */;
			productType = "com.apple.product-type.bundle.unit-test";
		};
		C13FA8D71FB3492900516527 /* SproutTableUITests */ = {
			isa = PBXNativeTarget;
			buildConfigurationList = C13FA8E71FB3492900516527 /* Build configuration list for PBXNativeTarget "SproutTableUITests" */;
			buildPhases = (
				ADA1F3F99B912FE2049C6FCB /* [CP] Check Pods Manifest.lock */,
				C13FA8D41FB3492900516527 /* Sources */,
				C13FA8D51FB3492900516527 /* Frameworks */,
				C13FA8D61FB3492900516527 /* Resources */,
				44940469525B4A3CFAD6B63F /* [CP] Embed Pods Frameworks */,
				F4FFE931AAADDDADF693993C /* [CP] Copy Pods Resources */,
			);
			buildRules = (
			);
			dependencies = (
				C13FA8DA1FB3492900516527 /* PBXTargetDependency */,
			);
			name = SproutTableUITests;
			productName = SproutTableUITests;
			productReference = C13FA8D81FB3492900516527 /* SproutTableUITests.xctest */;
			productType = "com.apple.product-type.bundle.ui-testing";
		};
/* End PBXNativeTarget section */

/* Begin PBXProject section */
		C13FA8B11FB3492900516527 /* Project object */ = {
			isa = PBXProject;
			attributes = {
				LastSwiftUpdateCheck = 0910;
				LastUpgradeCheck = 0910;
				ORGANIZATIONNAME = Spprid;
				TargetAttributes = {
					C13FA8B81FB3492900516527 = {
						CreatedOnToolsVersion = 9.1;
						ProvisioningStyle = Automatic;
					};
					C13FA8CC1FB3492900516527 = {
						CreatedOnToolsVersion = 9.1;
						ProvisioningStyle = Automatic;
						TestTargetID = C13FA8B81FB3492900516527;
					};
					C13FA8D71FB3492900516527 = {
						CreatedOnToolsVersion = 9.1;
						ProvisioningStyle = Automatic;
						TestTargetID = C13FA8B81FB3492900516527;
					};
				};
			};
			buildConfigurationList = C13FA8B41FB3492900516527 /* Build configuration list for PBXProject "SproutTable" */;
			compatibilityVersion = "Xcode 8.0";
			developmentRegion = en;
			hasScannedForEncodings = 0;
			knownRegions = (
				en,
				Base,
			);
			mainGroup = C13FA8B01FB3492900516527;
			productRefGroup = C13FA8BA1FB3492900516527 /* Products */;
			projectDirPath = "";
			projectRoot = "";
			targets = (
				C13FA8B81FB3492900516527 /* SproutTable */,
				C13FA8CC1FB3492900516527 /* SproutTableTests */,
				C13FA8D71FB3492900516527 /* SproutTableUITests */,
			);
		};
/* End PBXProject section */

/* Begin PBXResourcesBuildPhase section */
		C13FA8B71FB3492900516527 /* Resources */ = {
			isa = PBXResourcesBuildPhase;
			buildActionMask = 2147483647;
			files = (
				C13FA8C71FB3492900516527 /* LaunchScreen.storyboard in Resources */,
				C13FA8C41FB3492900516527 /* Assets.xcassets in Resources */,
				C13FA8C21FB3492900516527 /* Main.storyboard in Resources */,
			);
			runOnlyForDeploymentPostprocessing = 0;
		};
		C13FA8CB1FB3492900516527 /* Resources */ = {
			isa = PBXResourcesBuildPhase;
			buildActionMask = 2147483647;
			files = (
			);
			runOnlyForDeploymentPostprocessing = 0;
		};
		C13FA8D61FB3492900516527 /* Resources */ = {
			isa = PBXResourcesBuildPhase;
			buildActionMask = 2147483647;
			files = (
			);
			runOnlyForDeploymentPostprocessing = 0;
		};
/* End PBXResourcesBuildPhase section */

/* Begin PBXShellScriptBuildPhase section */
		0BF46CC1E7A862713F5D004B /* [CP] Embed Pods Frameworks */ = {
			isa = PBXShellScriptBuildPhase;
			buildActionMask = 2147483647;
			files = (
			);
			inputPaths = (
			);
			name = "[CP] Embed Pods Frameworks";
			outputPaths = (
			);
			runOnlyForDeploymentPostprocessing = 0;
			shellPath = /bin/sh;
			shellScript = "\"${SRCROOT}/Pods/Target Support Files/Pods-SproutTableTests/Pods-SproutTableTests-frameworks.sh\"\n";
			showEnvVarsInLog = 0;
		};
		3939911BDCFCF2E9CA151EEA /* [CP] Embed Pods Frameworks */ = {
			isa = PBXShellScriptBuildPhase;
			buildActionMask = 2147483647;
			files = (
			);
			inputPaths = (
				"${SRCROOT}/Pods/Target Support Files/Pods-SproutTable/Pods-SproutTable-frameworks.sh",
				"${BUILT_PRODUCTS_DIR}/Alamofire/Alamofire.framework",
				"${BUILT_PRODUCTS_DIR}/SwiftyJSON/SwiftyJSON.framework",
			);
			name = "[CP] Embed Pods Frameworks";
			outputPaths = (
				"${TARGET_BUILD_DIR}/${FRAMEWORKS_FOLDER_PATH}/Alamofire.framework",
				"${TARGET_BUILD_DIR}/${FRAMEWORKS_FOLDER_PATH}/SwiftyJSON.framework",
			);
			runOnlyForDeploymentPostprocessing = 0;
			shellPath = /bin/sh;
			shellScript = "\"${SRCROOT}/Pods/Target Support Files/Pods-SproutTable/Pods-SproutTable-frameworks.sh\"\n";
			showEnvVarsInLog = 0;
		};
		3EF02EA3569B60CBC05D09B9 /* [CP] Copy Pods Resources */ = {
			isa = PBXShellScriptBuildPhase;
			buildActionMask = 2147483647;
			files = (
			);
			inputPaths = (
			);
			name = "[CP] Copy Pods Resources";
			outputPaths = (
			);
			runOnlyForDeploymentPostprocessing = 0;
			shellPath = /bin/sh;
			shellScript = "\"${SRCROOT}/Pods/Target Support Files/Pods-SproutTable/Pods-SproutTable-resources.sh\"\n";
			showEnvVarsInLog = 0;
		};
		43429C5CDE643209893B6835 /* [CP] Check Pods Manifest.lock */ = {
			isa = PBXShellScriptBuildPhase;
			buildActionMask = 2147483647;
			files = (
			);
			inputPaths = (
				"${PODS_PODFILE_DIR_PATH}/Podfile.lock",
				"${PODS_ROOT}/Manifest.lock",
			);
			name = "[CP] Check Pods Manifest.lock";
			outputPaths = (
				"$(DERIVED_FILE_DIR)/Pods-SproutTableTests-checkManifestLockResult.txt",
			);
			runOnlyForDeploymentPostprocessing = 0;
			shellPath = /bin/sh;
			shellScript = "diff \"${PODS_PODFILE_DIR_PATH}/Podfile.lock\" \"${PODS_ROOT}/Manifest.lock\" > /dev/null\nif [ $? != 0 ] ; then\n    # print error to STDERR\n    echo \"error: The sandbox is not in sync with the Podfile.lock. Run 'pod install' or update your CocoaPods installation.\" >&2\n    exit 1\nfi\n# This output is used by Xcode 'outputs' to avoid re-running this script phase.\necho \"SUCCESS\" > \"${SCRIPT_OUTPUT_FILE_0}\"\n";
			showEnvVarsInLog = 0;
		};
		44940469525B4A3CFAD6B63F /* [CP] Embed Pods Frameworks */ = {
			isa = PBXShellScriptBuildPhase;
			buildActionMask = 2147483647;
			files = (
			);
			inputPaths = (
			);
			name = "[CP] Embed Pods Frameworks";
			outputPaths = (
			);
			runOnlyForDeploymentPostprocessing = 0;
			shellPath = /bin/sh;
			shellScript = "\"${SRCROOT}/Pods/Target Support Files/Pods-SproutTableUITests/Pods-SproutTableUITests-frameworks.sh\"\n";
			showEnvVarsInLog = 0;
		};
		4E1A2077A4FD9DA5AC168B32 /* [CP] Copy Pods Resources */ = {
			isa = PBXShellScriptBuildPhase;
			buildActionMask = 2147483647;
			files = (
			);
			inputPaths = (
			);
			name = "[CP] Copy Pods Resources";
			outputPaths = (
			);
			runOnlyForDeploymentPostprocessing = 0;
			shellPath = /bin/sh;
			shellScript = "\"${SRCROOT}/Pods/Target Support Files/Pods-SproutTableTests/Pods-SproutTableTests-resources.sh\"\n";
			showEnvVarsInLog = 0;
		};
		96586ADB611AE34A65B03B3C /* [CP] Check Pods Manifest.lock */ = {
			isa = PBXShellScriptBuildPhase;
			buildActionMask = 2147483647;
			files = (
			);
			inputPaths = (
				"${PODS_PODFILE_DIR_PATH}/Podfile.lock",
				"${PODS_ROOT}/Manifest.lock",
			);
			name = "[CP] Check Pods Manifest.lock";
			outputPaths = (
				"$(DERIVED_FILE_DIR)/Pods-SproutTable-checkManifestLockResult.txt",
			);
			runOnlyForDeploymentPostprocessing = 0;
			shellPath = /bin/sh;
			shellScript = "diff \"${PODS_PODFILE_DIR_PATH}/Podfile.lock\" \"${PODS_ROOT}/Manifest.lock\" > /dev/null\nif [ $? != 0 ] ; then\n    # print error to STDERR\n    echo \"error: The sandbox is not in sync with the Podfile.lock. Run 'pod install' or update your CocoaPods installation.\" >&2\n    exit 1\nfi\n# This output is used by Xcode 'outputs' to avoid re-running this script phase.\necho \"SUCCESS\" > \"${SCRIPT_OUTPUT_FILE_0}\"\n";
			showEnvVarsInLog = 0;
		};
		ADA1F3F99B912FE2049C6FCB /* [CP] Check Pods Manifest.lock */ = {
			isa = PBXShellScriptBuildPhase;
			buildActionMask = 2147483647;
			files = (
			);
			inputPaths = (
				"${PODS_PODFILE_DIR_PATH}/Podfile.lock",
				"${PODS_ROOT}/Manifest.lock",
			);
			name = "[CP] Check Pods Manifest.lock";
			outputPaths = (
				"$(DERIVED_FILE_DIR)/Pods-SproutTableUITests-checkManifestLockResult.txt",
			);
			runOnlyForDeploymentPostprocessing = 0;
			shellPath = /bin/sh;
			shellScript = "diff \"${PODS_PODFILE_DIR_PATH}/Podfile.lock\" \"${PODS_ROOT}/Manifest.lock\" > /dev/null\nif [ $? != 0 ] ; then\n    # print error to STDERR\n    echo \"error: The sandbox is not in sync with the Podfile.lock. Run 'pod install' or update your CocoaPods installation.\" >&2\n    exit 1\nfi\n# This output is used by Xcode 'outputs' to avoid re-running this script phase.\necho \"SUCCESS\" > \"${SCRIPT_OUTPUT_FILE_0}\"\n";
			showEnvVarsInLog = 0;
		};
		F4FFE931AAADDDADF693993C /* [CP] Copy Pods Resources */ = {
			isa = PBXShellScriptBuildPhase;
			buildActionMask = 2147483647;
			files = (
			);
			inputPaths = (
			);
			name = "[CP] Copy Pods Resources";
			outputPaths = (
			);
			runOnlyForDeploymentPostprocessing = 0;
			shellPath = /bin/sh;
			shellScript = "\"${SRCROOT}/Pods/Target Support Files/Pods-SproutTableUITests/Pods-SproutTableUITests-resources.sh\"\n";
			showEnvVarsInLog = 0;
		};
/* End PBXShellScriptBuildPhase section */

/* Begin PBXSourcesBuildPhase section */
		C13FA8B51FB3492900516527 /* Sources */ = {
			isa = PBXSourcesBuildPhase;
			buildActionMask = 2147483647;
			files = (
				C13FA8BF1FB3492900516527 /* ViewController.swift in Sources */,
				C13FA8EB1FB352B600516527 /* Util.swift in Sources */,
				C13FA8BD1FB3492900516527 /* AppDelegate.swift in Sources */,
			);
			runOnlyForDeploymentPostprocessing = 0;
		};
		C13FA8C91FB3492900516527 /* Sources */ = {
			isa = PBXSourcesBuildPhase;
			buildActionMask = 2147483647;
			files = (
				C13FA8D21FB3492900516527 /* SproutTableTests.swift in Sources */,
			);
			runOnlyForDeploymentPostprocessing = 0;
		};
		C13FA8D41FB3492900516527 /* Sources */ = {
			isa = PBXSourcesBuildPhase;
			buildActionMask = 2147483647;
			files = (
				C13FA8DD1FB3492900516527 /* SproutTableUITests.swift in Sources */,
			);
			runOnlyForDeploymentPostprocessing = 0;
		};
/* End PBXSourcesBuildPhase section */

/* Begin PBXTargetDependency section */
		C13FA8CF1FB3492900516527 /* PBXTargetDependency */ = {
			isa = PBXTargetDependency;
			target = C13FA8B81FB3492900516527 /* SproutTable */;
			targetProxy = C13FA8CE1FB3492900516527 /* PBXContainerItemProxy */;
		};
		C13FA8DA1FB3492900516527 /* PBXTargetDependency */ = {
			isa = PBXTargetDependency;
			target = C13FA8B81FB3492900516527 /* SproutTable */;
			targetProxy = C13FA8D91FB3492900516527 /* PBXContainerItemProxy */;
		};
/* End PBXTargetDependency section */

/* Begin PBXVariantGroup section */
		C13FA8C01FB3492900516527 /* Main.storyboard */ = {
			isa = PBXVariantGroup;
			children = (
				C13FA8C11FB3492900516527 /* Base */,
			);
			name = Main.storyboard;
			sourceTree = "<group>";
		};
		C13FA8C51FB3492900516527 /* LaunchScreen.storyboard */ = {
			isa = PBXVariantGroup;
			children = (
				C13FA8C61FB3492900516527 /* Base */,
			);
			name = LaunchScreen.storyboard;
			sourceTree = "<group>";
		};
/* End PBXVariantGroup section */

/* Begin XCBuildConfiguration section */
		C13FA8DF1FB3492900516527 /* Debug */ = {
			isa = XCBuildConfiguration;
			buildSettings = {
				ALWAYS_SEARCH_USER_PATHS = NO;
				CLANG_ANALYZER_NONNULL = YES;
				CLANG_ANALYZER_NUMBER_OBJECT_CONVERSION = YES_AGGRESSIVE;
				CLANG_CXX_LANGUAGE_STANDARD = "gnu++14";
				CLANG_CXX_LIBRARY = "libc++";
				CLANG_ENABLE_MODULES = YES;
				CLANG_ENABLE_OBJC_ARC = YES;
				CLANG_WARN_BLOCK_CAPTURE_AUTORELEASING = YES;
				CLANG_WARN_BOOL_CONVERSION = YES;
				CLANG_WARN_COMMA = YES;
				CLANG_WARN_CONSTANT_CONVERSION = YES;
				CLANG_WARN_DIRECT_OBJC_ISA_USAGE = YES_ERROR;
				CLANG_WARN_DOCUMENTATION_COMMENTS = YES;
				CLANG_WARN_EMPTY_BODY = YES;
				CLANG_WARN_ENUM_CONVERSION = YES;
				CLANG_WARN_INFINITE_RECURSION = YES;
				CLANG_WARN_INT_CONVERSION = YES;
				CLANG_WARN_NON_LITERAL_NULL_CONVERSION = YES;
				CLANG_WARN_OBJC_LITERAL_CONVERSION = YES;
				CLANG_WARN_OBJC_ROOT_CLASS = YES_ERROR;
				CLANG_WARN_RANGE_LOOP_ANALYSIS = YES;
				CLANG_WARN_STRICT_PROTOTYPES = YES;
				CLANG_WARN_SUSPICIOUS_MOVE = YES;
				CLANG_WARN_UNGUARDED_AVAILABILITY = YES_AGGRESSIVE;
				CLANG_WARN_UNREACHABLE_CODE = YES;
				CLANG_WARN__DUPLICATE_METHOD_MATCH = YES;
				CODE_SIGN_IDENTITY = "iPhone Developer";
				COPY_PHASE_STRIP = NO;
				DEBUG_INFORMATION_FORMAT = dwarf;
				ENABLE_STRICT_OBJC_MSGSEND = YES;
				ENABLE_TESTABILITY = YES;
				GCC_C_LANGUAGE_STANDARD = gnu11;
				GCC_DYNAMIC_NO_PIC = NO;
				GCC_NO_COMMON_BLOCKS = YES;
				GCC_OPTIMIZATION_LEVEL = 0;
				GCC_PREPROCESSOR_DEFINITIONS = (
					"DEBUG=1",
					"$(inherited)",
				);
				GCC_WARN_64_TO_32_BIT_CONVERSION = YES;
				GCC_WARN_ABOUT_RETURN_TYPE = YES_ERROR;
				GCC_WARN_UNDECLARED_SELECTOR = YES;
				GCC_WARN_UNINITIALIZED_AUTOS = YES_AGGRESSIVE;
				GCC_WARN_UNUSED_FUNCTION = YES;
				GCC_WARN_UNUSED_VARIABLE = YES;
				IPHONEOS_DEPLOYMENT_TARGET = 11.1;
				MTL_ENABLE_DEBUG_INFO = YES;
				ONLY_ACTIVE_ARCH = YES;
				SDKROOT = iphoneos;
				SWIFT_ACTIVE_COMPILATION_CONDITIONS = DEBUG;
				SWIFT_OPTIMIZATION_LEVEL = "-Onone";
			};
			name = Debug;
		};
		C13FA8E01FB3492900516527 /* Release */ = {
			isa = XCBuildConfiguration;
			buildSettings = {
				ALWAYS_SEARCH_USER_PATHS = NO;
				CLANG_ANALYZER_NONNULL = YES;
				CLANG_ANALYZER_NUMBER_OBJECT_CONVERSION = YES_AGGRESSIVE;
				CLANG_CXX_LANGUAGE_STANDARD = "gnu++14";
				CLANG_CXX_LIBRARY = "libc++";
				CLANG_ENABLE_MODULES = YES;
				CLANG_ENABLE_OBJC_ARC = YES;
				CLANG_WARN_BLOCK_CAPTURE_AUTORELEASING = YES;
				CLANG_WARN_BOOL_CONVERSION = YES;
				CLANG_WARN_COMMA = YES;
				CLANG_WARN_CONSTANT_CONVERSION = YES;
				CLANG_WARN_DIRECT_OBJC_ISA_USAGE = YES_ERROR;
				CLANG_WARN_DOCUMENTATION_COMMENTS = YES;
				CLANG_WARN_EMPTY_BODY = YES;
				CLANG_WARN_ENUM_CONVERSION = YES;
				CLANG_WARN_INFINITE_RECURSION = YES;
				CLANG_WARN_INT_CONVERSION = YES;
				CLANG_WARN_NON_LITERAL_NULL_CONVERSION = YES;
				CLANG_WARN_OBJC_LITERAL_CONVERSION = YES;
				CLANG_WARN_OBJC_ROOT_CLASS = YES_ERROR;
				CLANG_WARN_RANGE_LOOP_ANALYSIS = YES;
				CLANG_WARN_STRICT_PROTOTYPES = YES;
				CLANG_WARN_SUSPICIOUS_MOVE = YES;
				CLANG_WARN_UNGUARDED_AVAILABILITY = YES_AGGRESSIVE;
				CLANG_WARN_UNREACHABLE_CODE = YES;
				CLANG_WARN__DUPLICATE_METHOD_MATCH = YES;
				CODE_SIGN_IDENTITY = "iPhone Developer";
				COPY_PHASE_STRIP = NO;
				DEBUG_INFORMATION_FORMAT = "dwarf-with-dsym";
				ENABLE_NS_ASSERTIONS = NO;
				ENABLE_STRICT_OBJC_MSGSEND = YES;
				GCC_C_LANGUAGE_STANDARD = gnu11;
				GCC_NO_COMMON_BLOCKS = YES;
				GCC_WARN_64_TO_32_BIT_CONVERSION = YES;
				GCC_WARN_ABOUT_RETURN_TYPE = YES_ERROR;
				GCC_WARN_UNDECLARED_SELECTOR = YES;
				GCC_WARN_UNINITIALIZED_AUTOS = YES_AGGRESSIVE;
				GCC_WARN_UNUSED_FUNCTION = YES;
				GCC_WARN_UNUSED_VARIABLE = YES;
				IPHONEOS_DEPLOYMENT_TARGET = 11.1;
				MTL_ENABLE_DEBUG_INFO = NO;
				SDKROOT = iphoneos;
				SWIFT_OPTIMIZATION_LEVEL = "-Owholemodule";
				VALIDATE_PRODUCT = YES;
			};
			name = Release;
		};
		C13FA8E21FB3492900516527 /* Debug */ = {
			isa = XCBuildConfiguration;
			baseConfigurationReference = C10098F2C6877CAEF3FE29BD /* Pods-SproutTable.debug.xcconfig */;
			buildSettings = {
				ASSETCATALOG_COMPILER_APPICON_NAME = AppIcon;
				CODE_SIGN_STYLE = Automatic;
				DEVELOPMENT_TEAM = G86LV3EDA2;
				INFOPLIST_FILE = SproutTable/Info.plist;
				LD_RUNPATH_SEARCH_PATHS = "$(inherited) @executable_path/Frameworks";
				PRODUCT_BUNDLE_IDENTIFIER = com.spprid.SproutTable;
				PRODUCT_NAME = "$(TARGET_NAME)";
				SWIFT_VERSION = 4.0;
				TARGETED_DEVICE_FAMILY = "1,2";
			};
			name = Debug;
		};
		C13FA8E31FB3492900516527 /* Release */ = {
			isa = XCBuildConfiguration;
			baseConfigurationReference = 2C92C0B6091C657CFFA566CD /* Pods-SproutTable.release.xcconfig */;
			buildSettings = {
				ASSETCATALOG_COMPILER_APPICON_NAME = AppIcon;
				CODE_SIGN_STYLE = Automatic;
				DEVELOPMENT_TEAM = G86LV3EDA2;
				INFOPLIST_FILE = SproutTable/Info.plist;
				LD_RUNPATH_SEARCH_PATHS = "$(inherited) @executable_path/Frameworks";
				PRODUCT_BUNDLE_IDENTIFIER = com.spprid.SproutTable;
				PRODUCT_NAME = "$(TARGET_NAME)";
				SWIFT_VERSION = 4.0;
				TARGETED_DEVICE_FAMILY = "1,2";
			};
			name = Release;
		};
		C13FA8E51FB3492900516527 /* Debug */ = {
			isa = XCBuildConfiguration;
			baseConfigurationReference = 972E05D790592733690F8184 /* Pods-SproutTableTests.debug.xcconfig */;
			buildSettings = {
				ALWAYS_EMBED_SWIFT_STANDARD_LIBRARIES = YES;
				BUNDLE_LOADER = "$(TEST_HOST)";
				CODE_SIGN_STYLE = Automatic;
				DEVELOPMENT_TEAM = G86LV3EDA2;
				INFOPLIST_FILE = SproutTableTests/Info.plist;
				LD_RUNPATH_SEARCH_PATHS = "$(inherited) @executable_path/Frameworks @loader_path/Frameworks";
				PRODUCT_BUNDLE_IDENTIFIER = com.spprid.SproutTableTests;
				PRODUCT_NAME = "$(TARGET_NAME)";
				SWIFT_VERSION = 4.0;
				TARGETED_DEVICE_FAMILY = "1,2";
				TEST_HOST = "$(BUILT_PRODUCTS_DIR)/SproutTable.app/SproutTable";
			};
			name = Debug;
		};
		C13FA8E61FB3492900516527 /* Release */ = {
			isa = XCBuildConfiguration;
			baseConfigurationReference = 021C9CB0878D9E67559B850E /* Pods-SproutTableTests.release.xcconfig */;
			buildSettings = {
				ALWAYS_EMBED_SWIFT_STANDARD_LIBRARIES = YES;
				BUNDLE_LOADER = "$(TEST_HOST)";
				CODE_SIGN_STYLE = Automatic;
				DEVELOPMENT_TEAM = G86LV3EDA2;
				INFOPLIST_FILE = SproutTableTests/Info.plist;
				LD_RUNPATH_SEARCH_PATHS = "$(inherited) @executable_path/Frameworks @loader_path/Frameworks";
				PRODUCT_BUNDLE_IDENTIFIER = com.spprid.SproutTableTests;
				PRODUCT_NAME = "$(TARGET_NAME)";
				SWIFT_VERSION = 4.0;
				TARGETED_DEVICE_FAMILY = "1,2";
				TEST_HOST = "$(BUILT_PRODUCTS_DIR)/SproutTable.app/SproutTable";
			};
			name = Release;
		};
		C13FA8E81FB3492900516527 /* Debug */ = {
			isa = XCBuildConfiguration;
			baseConfigurationReference = 078BC4C4627993AC94EAF377 /* Pods-SproutTableUITests.debug.xcconfig */;
			buildSettings = {
				ALWAYS_EMBED_SWIFT_STANDARD_LIBRARIES = YES;
				CODE_SIGN_STYLE = Automatic;
				DEVELOPMENT_TEAM = G86LV3EDA2;
				INFOPLIST_FILE = SproutTableUITests/Info.plist;
				LD_RUNPATH_SEARCH_PATHS = "$(inherited) @executable_path/Frameworks @loader_path/Frameworks";
				PRODUCT_BUNDLE_IDENTIFIER = com.spprid.SproutTableUITests;
				PRODUCT_NAME = "$(TARGET_NAME)";
				SWIFT_VERSION = 4.0;
				TARGETED_DEVICE_FAMILY = "1,2";
				TEST_TARGET_NAME = SproutTable;
			};
			name = Debug;
		};
		C13FA8E91FB3492900516527 /* Release */ = {
			isa = XCBuildConfiguration;
			baseConfigurationReference = 54C1E759382F4368E977C97E /* Pods-SproutTableUITests.release.xcconfig */;
			buildSettings = {
				ALWAYS_EMBED_SWIFT_STANDARD_LIBRARIES = YES;
				CODE_SIGN_STYLE = Automatic;
				DEVELOPMENT_TEAM = G86LV3EDA2;
				INFOPLIST_FILE = SproutTableUITests/Info.plist;
				LD_RUNPATH_SEARCH_PATHS = "$(inherited) @executable_path/Frameworks @loader_path/Frameworks";
				PRODUCT_BUNDLE_IDENTIFIER = com.spprid.SproutTableUITests;
				PRODUCT_NAME = "$(TARGET_NAME)";
				SWIFT_VERSION = 4.0;
				TARGETED_DEVICE_FAMILY = "1,2";
				TEST_TARGET_NAME = SproutTable;
			};
			name = Release;
		};
/* End XCBuildConfiguration section */

/* Begin XCConfigurationList section */
		C13FA8B41FB3492900516527 /* Build configuration list for PBXProject "SproutTable" */ = {
			isa = XCConfigurationList;
			buildConfigurations = (
				C13FA8DF1FB3492900516527 /* Debug */,
				C13FA8E01FB3492900516527 /* Release */,
			);
			defaultConfigurationIsVisible = 0;
			defaultConfigurationName = Release;
		};
		C13FA8E11FB3492900516527 /* Build configuration list for PBXNativeTarget "SproutTable" */ = {
			isa = XCConfigurationList;
			buildConfigurations = (
				C13FA8E21FB3492900516527 /* Debug */,
				C13FA8E31FB3492900516527 /* Release */,
			);
			defaultConfigurationIsVisible = 0;
			defaultConfigurationName = Release;
		};
		C13FA8E41FB3492900516527 /* Build configuration list for PBXNativeTarget "SproutTableTests" */ = {
			isa = XCConfigurationList;
			buildConfigurations = (
				C13FA8E51FB3492900516527 /* Debug */,
				C13FA8E61FB3492900516527 /* Release */,
			);
			defaultConfigurationIsVisible = 0;
			defaultConfigurationName = Release;
		};
		C13FA8E71FB3492900516527 /* Build configuration list for PBXNativeTarget "SproutTableUITests" */ = {
			isa = XCConfigurationList;
			buildConfigurations = (
				C13FA8E81FB3492900516527 /* Debug */,
				C13FA8E91FB3492900516527 /* Release */,
			);
			defaultConfigurationIsVisible = 0;
			defaultConfigurationName = Release;
		};
/* End XCConfigurationList section */
	};
	rootObject = C13FA8B11FB3492900516527 /* Project object */;
}
